
Microsoft Visual Studio Solution File, Format Version 12.00
# Visual Studio Version 16
VisualStudioVersion = 16.0.30413.136
MinimumVisualStudioVersion = 10.0.40219.1
Project("{FAE04EC0-301F-11D3-BF4B-00C04F79EFBC}") = "shapes", "shapes\shapes.csproj", "{21FA1D14-7ACA-4DD8-BF7D-6F25E312ADDD}"
EndProject
Project("{FAE04EC0-301F-11D3-BF4B-00C04F79EFBC}") = "shapesUnitTestProject1", "shapesUnitTestProject1\shapesUnitTestProject1.csproj", "{BE85D010-35AB-4430-962D-6102DF6568D7}"
EndProject
Global
	GlobalSection(SolutionConfigurationPlatforms) = preSolution
		Debug|Any CPU = Debug|Any CPU
		Release|Any CPU = Release|Any CPU
	EndGlobalSection
	GlobalSection(ProjectConfigurationPlatforms) = postSolution
		{21FA1D14-7ACA-4DD8-BF7D-6F25E312ADDD}.Debug|Any CPU.ActiveCfg = Debug|Any CPU
		{21FA1D14-7ACA-4DD8-BF7D-6F25E312ADDD}.Debug|Any CPU.Build.0 = Debug|Any CPU
		{21FA1D14-7ACA-4DD8-BF7D-6F25E312ADDD}.Release|Any CPU.ActiveCfg = Release|Any CPU
		{21FA1D14-7ACA-4DD8-BF7D-6F25E312ADDD}.Release|Any CPU.Build.0 = Release|Any CPU
		{BE85D010-35AB-4430-962D-6102DF6568D7}.Debug|Any CPU.ActiveCfg = Debug|Any CPU
		{BE85D010-35AB-4430-962D-6102DF6568D7}.Debug|Any CPU.Build.0 = Debug|Any CPU
		{BE85D010-35AB-4430-962D-6102DF6568D7}.Release|Any CPU.ActiveCfg = Release|Any CPU
		{BE85D010-35AB-4430-962D-6102DF6568D7}.Release|Any CPU.Build.0 = Release|Any CPU
	EndGlobalSection
	GlobalSection(SolutionProperties) = preSolution
		HideSolutionNode = FALSE
	EndGlobalSection
	GlobalSection(ExtensibilityGlobals) = postSolution
		SolutionGuid = {D44F38CA-9B7E-4214-BB61-760B525C649B}
	EndGlobalSection
EndGlobal
